// !$*UTF8*$!
{
	archiveVersion = 1;
	classes = {
	};
	objectVersion = 56;
	objects = {

/* Begin PBXBuildFile section */
		670FDCAE2A3890B90072D963 /* main.cpp in Sources */ = {isa = PBXBuildFile; fileRef = 670FDCAD2A3890B90072D963 /* main.cpp */; };
		670FDCB62A3891550072D963 /* Fluid.cpp in Sources */ = {isa = PBXBuildFile; fileRef = 670FDCB42A3891550072D963 /* Fluid.cpp */; };
		670FDCB92A3892110072D963 /* Array3d.cpp in Sources */ = {isa = PBXBuildFile; fileRef = 670FDCB72A3892110072D963 /* Array3d.cpp */; };
		67D142852A3ED8860050170D /* output.cpp in Sources */ = {isa = PBXBuildFile; fileRef = 67D142832A3ED8860050170D /* output.cpp */; };
		67D506E12A40A73A00EC142E /* rendering.cpp in Sources */ = {isa = PBXBuildFile; fileRef = 67D506DF2A40A73A00EC142E /* rendering.cpp */; };
/* End PBXBuildFile section */

/* Begin PBXCopyFilesBuildPhase section */
		670FDCA82A3890B90072D963 /* CopyFiles */ = {
			isa = PBXCopyFilesBuildPhase;
			buildActionMask = 2147483647;
			dstPath = /usr/share/man/man1/;
			dstSubfolderSpec = 0;
			files = (
			);
			runOnlyForDeploymentPostprocessing = 1;
		};
/* End PBXCopyFilesBuildPhase section */

/* Begin PBXFileReference section */
		670FDCAA2A3890B90072D963 /* SmokeSimulation */ = {isa = PBXFileReference; explicitFileType = "compiled.mach-o.executable"; includeInIndex = 0; path = SmokeSimulation; sourceTree = BUILT_PRODUCTS_DIR; };
		670FDCAD2A3890B90072D963 /* main.cpp */ = {isa = PBXFileReference; lastKnownFileType = sourcecode.cpp.cpp; path = main.cpp; sourceTree = "<group>"; };
		670FDCB42A3891550072D963 /* Fluid.cpp */ = {isa = PBXFileReference; lastKnownFileType = sourcecode.cpp.cpp; path = Fluid.cpp; sourceTree = "<group>"; };
		670FDCB52A3891550072D963 /* Fluid.hpp */ = {isa = PBXFileReference; lastKnownFileType = sourcecode.cpp.h; path = Fluid.hpp; sourceTree = "<group>"; };
		670FDCB72A3892110072D963 /* Array3d.cpp */ = {isa = PBXFileReference; lastKnownFileType = sourcecode.cpp.cpp; path = Array3d.cpp; sourceTree = "<group>"; };
		670FDCB82A3892110072D963 /* Array3d.hpp */ = {isa = PBXFileReference; lastKnownFileType = sourcecode.cpp.h; path = Array3d.hpp; sourceTree = "<group>"; };
		671150172A68457800B8E17E /* template_Mthesis_PR */ = {isa = PBXFileReference; lastKnownFileType = folder; path = template_Mthesis_PR; sourceTree = "<group>"; };
		67D142832A3ED8860050170D /* output.cpp */ = {isa = PBXFileReference; lastKnownFileType = sourcecode.cpp.cpp; path = output.cpp; sourceTree = "<group>"; };
		67D142842A3ED8860050170D /* output.hpp */ = {isa = PBXFileReference; lastKnownFileType = sourcecode.cpp.h; path = output.hpp; sourceTree = "<group>"; };
		67D506DF2A40A73A00EC142E /* rendering.cpp */ = {isa = PBXFileReference; lastKnownFileType = sourcecode.cpp.cpp; path = rendering.cpp; sourceTree = "<group>"; };
		67D506E02A40A73A00EC142E /* rendering.hpp */ = {isa = PBXFileReference; lastKnownFileType = sourcecode.cpp.h; path = rendering.hpp; sourceTree = "<group>"; };
/* End PBXFileReference section */

/* Begin PBXFrameworksBuildPhase section */
		670FDCA72A3890B90072D963 /* Frameworks */ = {
			isa = PBXFrameworksBuildPhase;
			buildActionMask = 2147483647;
			files = (
			);
			runOnlyForDeploymentPostprocessing = 0;
		};
/* End PBXFrameworksBuildPhase section */

/* Begin PBXGroup section */
		670FDCA12A3890B90072D963 = {
			isa = PBXGroup;
			children = (
				671150172A68457800B8E17E /* template_Mthesis_PR */,
				670FDCAC2A3890B90072D963 /* SmokeSimulation */,
				670FDCAB2A3890B90072D963 /* Products */,
			);
			sourceTree = "<group>";
		};
		670FDCAB2A3890B90072D963 /* Products */ = {
			isa = PBXGroup;
			children = (
				670FDCAA2A3890B90072D963 /* SmokeSimulation */,
			);
			name = Products;
			sourceTree = "<group>";
		};
		670FDCAC2A3890B90072D963 /* SmokeSimulation */ = {
			isa = PBXGroup;
			children = (
				670FDCAD2A3890B90072D963 /* main.cpp */,
				670FDCB42A3891550072D963 /* Fluid.cpp */,
				670FDCB52A3891550072D963 /* Fluid.hpp */,
				67D506DF2A40A73A00EC142E /* rendering.cpp */,
				67D506E02A40A73A00EC142E /* rendering.hpp */,
				670FDCB72A3892110072D963 /* Array3d.cpp */,
				67D142832A3ED8860050170D /* output.cpp */,
				67D142842A3ED8860050170D /* output.hpp */,
				670FDCB82A3892110072D963 /* Array3d.hpp */,
			);
			path = SmokeSimulation;
			sourceTree = "<group>";
		};
/* End PBXGroup section */

/* Begin PBXNativeTarget section */
		670FDCA92A3890B90072D963 /* SmokeSimulation */ = {
			isa = PBXNativeTarget;
			buildConfigurationList = 670FDCB12A3890B90072D963 /* Build configuration list for PBXNativeTarget "SmokeSimulation" */;
			buildPhases = (
				670FDCA62A3890B90072D963 /* Sources */,
				670FDCA72A3890B90072D963 /* Frameworks */,
				670FDCA82A3890B90072D963 /* CopyFiles */,
			);
			buildRules = (
			);
			dependencies = (
			);
			name = SmokeSimulation;
			productName = SmokeSimulation;
			productReference = 670FDCAA2A3890B90072D963 /* SmokeSimulation */;
			productType = "com.apple.product-type.tool";
		};
/* End PBXNativeTarget section */

/* Begin PBXProject section */
		670FDCA22A3890B90072D963 /* Project object */ = {
			isa = PBXProject;
			attributes = {
				BuildIndependentTargetsInParallel = 1;
				LastUpgradeCheck = 1420;
				TargetAttributes = {
					670FDCA92A3890B90072D963 = {
						CreatedOnToolsVersion = 14.2;
					};
				};
			};
			buildConfigurationList = 670FDCA52A3890B90072D963 /* Build configuration list for PBXProject "SmokeSimulation" */;
			compatibilityVersion = "Xcode 14.0";
			developmentRegion = en;
			hasScannedForEncodings = 0;
			knownRegions = (
				en,
				Base,
			);
			mainGroup = 670FDCA12A3890B90072D963;
			productRefGroup = 670FDCAB2A3890B90072D963 /* Products */;
			projectDirPath = "";
			projectRoot = "";
			targets = (
				670FDCA92A3890B90072D963 /* SmokeSimulation */,
			);
		};
/* End PBXProject section */

/* Begin PBXSourcesBuildPhase section */
		670FDCA62A3890B90072D963 /* Sources */ = {
			isa = PBXSourcesBuildPhase;
			buildActionMask = 2147483647;
			files = (
				67D142852A3ED8860050170D /* output.cpp in Sources */,
				67D506E12A40A73A00EC142E /* rendering.cpp in Sources */,
				670FDCB92A3892110072D963 /* Array3d.cpp in Sources */,
				670FDCB62A3891550072D963 /* Fluid.cpp in Sources */,
				670FDCAE2A3890B90072D963 /* main.cpp in Sources */,
			);
			runOnlyForDeploymentPostprocessing = 0;
		};
/* End PBXSourcesBuildPhase section */

/* Begin XCBuildConfiguration section */
		670FDCAF2A3890B90072D963 /* Debug */ = {
			isa = XCBuildConfiguration;
			buildSettings = {
				ALWAYS_SEARCH_USER_PATHS = NO;
				CLANG_ANALYZER_NONNULL = YES;
				CLANG_ANALYZER_NUMBER_OBJECT_CONVERSION = YES_AGGRESSIVE;
				CLANG_CXX_LANGUAGE_STANDARD = "c++20";
				CLANG_ENABLE_MODULES = YES;
				CLANG_ENABLE_OBJC_ARC = YES;
				CLANG_ENABLE_OBJC_WEAK = YES;
				CLANG_WARN_BLOCK_CAPTURE_AUTORELEASING = YES;
				CLANG_WARN_BOOL_CONVERSION = YES;
				CLANG_WARN_COMMA = YES;
				CLANG_WARN_CONSTANT_CONVERSION = YES;
				CLANG_WARN_DEPRECATED_OBJC_IMPLEMENTATIONS = YES;
				CLANG_WARN_DIRECT_OBJC_ISA_USAGE = YES_ERROR;
				CLANG_WARN_DOCUMENTATION_COMMENTS = YES;
				CLANG_WARN_EMPTY_BODY = YES;
				CLANG_WARN_ENUM_CONVERSION = YES;
				CLANG_WARN_INFINITE_RECURSION = YES;
				CLANG_WARN_INT_CONVERSION = YES;
				CLANG_WARN_NON_LITERAL_NULL_CONVERSION = YES;
				CLANG_WARN_OBJC_IMPLICIT_RETAIN_SELF = YES;
				CLANG_WARN_OBJC_LITERAL_CONVERSION = YES;
				CLANG_WARN_OBJC_ROOT_CLASS = YES_ERROR;
				CLANG_WARN_QUOTED_INCLUDE_IN_FRAMEWORK_HEADER = YES;
				CLANG_WARN_RANGE_LOOP_ANALYSIS = YES;
				CLANG_WARN_STRICT_PROTOTYPES = YES;
				CLANG_WARN_SUSPICIOUS_MOVE = YES;
				CLANG_WARN_UNGUARDED_AVAILABILITY = YES_AGGRESSIVE;
				CLANG_WARN_UNREACHABLE_CODE = YES;
				CLANG_WARN__DUPLICATE_METHOD_MATCH = YES;
				COPY_PHASE_STRIP = NO;
				DEBUG_INFORMATION_FORMAT = dwarf;
				ENABLE_STRICT_OBJC_MSGSEND = YES;
				ENABLE_TESTABILITY = YES;
				GCC_C_LANGUAGE_STANDARD = gnu11;
				GCC_DYNAMIC_NO_PIC = NO;
				GCC_NO_COMMON_BLOCKS = YES;
				GCC_OPTIMIZATION_LEVEL = 3;
				GCC_PREPROCESSOR_DEFINITIONS = (
					"DEBUG=1",
					"$(inherited)",
				);
				GCC_VERSION = "g++";
				GCC_WARN_64_TO_32_BIT_CONVERSION = YES;
				GCC_WARN_ABOUT_RETURN_TYPE = YES_ERROR;
				GCC_WARN_UNDECLARED_SELECTOR = YES;
				GCC_WARN_UNINITIALIZED_AUTOS = YES_AGGRESSIVE;
				GCC_WARN_UNUSED_FUNCTION = YES;
				GCC_WARN_UNUSED_VARIABLE = YES;
				HEADER_SEARCH_PATHS = (
					"\"$(SRCROOT)/../../library/eigen-3.4.0\"",
					"\"$(SRCROOT)/../../library/MyLib\"",
				);
				MACOSX_DEPLOYMENT_TARGET = 13.1;
				MTL_ENABLE_DEBUG_INFO = INCLUDE_SOURCE;
				MTL_FAST_MATH = YES;
				ONLY_ACTIVE_ARCH = YES;
				SDKROOT = macosx;
			};
			name = Debug;
		};
		670FDCB02A3890B90072D963 /* Release */ = {
			isa = XCBuildConfiguration;
			buildSettings = {
				ALWAYS_SEARCH_USER_PATHS = NO;
				CLANG_ANALYZER_NONNULL = YES;
				CLANG_ANALYZER_NUMBER_OBJECT_CONVERSION = YES_AGGRESSIVE;
				CLANG_CXX_LANGUAGE_STANDARD = "c++20";
				CLANG_ENABLE_MODULES = YES;
				CLANG_ENABLE_OBJC_ARC = YES;
				CLANG_ENABLE_OBJC_WEAK = YES;
				CLANG_WARN_BLOCK_CAPTURE_AUTORELEASING = YES;
				CLANG_WARN_BOOL_CONVERSION = YES;
				CLANG_WARN_COMMA = YES;
				CLANG_WARN_CONSTANT_CONVERSION = YES;
				CLANG_WARN_DEPRECATED_OBJC_IMPLEMENTATIONS = YES;
				CLANG_WARN_DIRECT_OBJC_ISA_USAGE = YES_ERROR;
				CLANG_WARN_DOCUMENTATION_COMMENTS = YES;
				CLANG_WARN_EMPTY_BODY = YES;
				CLANG_WARN_ENUM_CONVERSION = YES;
				CLANG_WARN_INFINITE_RECURSION = YES;
				CLANG_WARN_INT_CONVERSION = YES;
				CLANG_WARN_NON_LITERAL_NULL_CONVERSION = YES;
				CLANG_WARN_OBJC_IMPLICIT_RETAIN_SELF = YES;
				CLANG_WARN_OBJC_LITERAL_CONVERSION = YES;
				CLANG_WARN_OBJC_ROOT_CLASS = YES_ERROR;
				CLANG_WARN_QUOTED_INCLUDE_IN_FRAMEWORK_HEADER = YES;
				CLANG_WARN_RANGE_LOOP_ANALYSIS = YES;
				CLANG_WARN_STRICT_PROTOTYPES = YES;
				CLANG_WARN_SUSPICIOUS_MOVE = YES;
				CLANG_WARN_UNGUARDED_AVAILABILITY = YES_AGGRESSIVE;
				CLANG_WARN_UNREACHABLE_CODE = YES;
				CLANG_WARN__DUPLICATE_METHOD_MATCH = YES;
				COPY_PHASE_STRIP = NO;
				DEBUG_INFORMATION_FORMAT = "dwarf-with-dsym";
				ENABLE_NS_ASSERTIONS = NO;
				ENABLE_STRICT_OBJC_MSGSEND = YES;
				GCC_C_LANGUAGE_STANDARD = gnu11;
				GCC_NO_COMMON_BLOCKS = YES;
				GCC_OPTIMIZATION_LEVEL = 3;
				GCC_VERSION = "g++";
				GCC_WARN_64_TO_32_BIT_CONVERSION = YES;
				GCC_WARN_ABOUT_RETURN_TYPE = YES_ERROR;
				GCC_WARN_UNDECLARED_SELECTOR = YES;
				GCC_WARN_UNINITIALIZED_AUTOS = YES_AGGRESSIVE;
				GCC_WARN_UNUSED_FUNCTION = YES;
				GCC_WARN_UNUSED_VARIABLE = YES;
				HEADER_SEARCH_PATHS = (
					"\"$(SRCROOT)/../../library/eigen-3.4.0\"",
					"\"$(SRCROOT)/../../library/MyLib\"",
				);
				MACOSX_DEPLOYMENT_TARGET = 13.1;
				MTL_ENABLE_DEBUG_INFO = NO;
				MTL_FAST_MATH = YES;
				SDKROOT = macosx;
			};
			name = Release;
		};
		670FDCB22A3890B90072D963 /* Debug */ = {
			isa = XCBuildConfiguration;
			buildSettings = {
				CODE_SIGN_STYLE = Automatic;
				DEVELOPMENT_TEAM = UHN7NN92K6;
				ENABLE_HARDENED_RUNTIME = YES;
				PRODUCT_NAME = "$(TARGET_NAME)";
			};
			name = Debug;
		};
		670FDCB32A3890B90072D963 /* Release */ = {
			isa = XCBuildConfiguration;
			buildSettings = {
				CODE_SIGN_STYLE = Automatic;
				DEVELOPMENT_TEAM = UHN7NN92K6;
				ENABLE_HARDENED_RUNTIME = YES;
				PRODUCT_NAME = "$(TARGET_NAME)";
			};
			name = Release;
		};
/* End XCBuildConfiguration section */

/* Begin XCConfigurationList section */
		670FDCA52A3890B90072D963 /* Build configuration list for PBXProject "SmokeSimulation" */ = {
			isa = XCConfigurationList;
			buildConfigurations = (
				670FDCAF2A3890B90072D963 /* Debug */,
				670FDCB02A3890B90072D963 /* Release */,
			);
			defaultConfigurationIsVisible = 0;
			defaultConfigurationName = Release;
		};
		670FDCB12A3890B90072D963 /* Build configuration list for PBXNativeTarget "SmokeSimulation" */ = {
			isa = XCConfigurationList;
			buildConfigurations = (
				670FDCB22A3890B90072D963 /* Debug */,
				670FDCB32A3890B90072D963 /* Release */,
			);
			defaultConfigurationIsVisible = 0;
			defaultConfigurationName = Release;
		};
/* End XCConfigurationList section */
	};
	rootObject = 670FDCA22A3890B90072D963 /* Project object */;
}
